
Microsoft Visual Studio Solution File, Format Version 12.00
# Visual Studio Version 17
VisualStudioVersion = 17.4.33213.308
MinimumVisualStudioVersion = 10.0.40219.1
Project("{FAE04EC0-301F-11D3-BF4B-00C04F79EFBC}") = "Robotti", "Robotti\Robotti.csproj", "{8C493D99-5731-4126-A2B8-E7F7ECAFA75D}"
EndProject
Global
	GlobalSection(SolutionConfigurationPlatforms) = preSolution
		Debug|Any CPU = Debug|Any CPU
		Release|Any CPU = Release|Any CPU
	EndGlobalSection
	GlobalSection(ProjectConfigurationPlatforms) = postSolution
		{8C493D99-5731-4126-A2B8-E7F7ECAFA75D}.Debug|Any CPU.ActiveCfg = Debug|Any CPU
		{8C493D99-5731-4126-A2B8-E7F7ECAFA75D}.Debug|Any CPU.Build.0 = Debug|Any CPU
		{8C493D99-5731-4126-A2B8-E7F7ECAFA75D}.Release|Any CPU.ActiveCfg = Release|Any CPU
		{8C493D99-5731-4126-A2B8-E7F7ECAFA75D}.Release|Any CPU.Build.0 = Release|Any CPU
	EndGlobalSection
	GlobalSection(SolutionProperties) = preSolution
		HideSolutionNode = FALSE
	EndGlobalSection
	GlobalSection(ExtensibilityGlobals) = postSolution
		SolutionGuid = {251CA755-C37E-4BC7-B450-291A049EF39D}
	EndGlobalSection
EndGlobal
