
Microsoft Visual Studio Solution File, Format Version 12.00
# Visual Studio Version 16
VisualStudioVersion = 16.0.32106.194
MinimumVisualStudioVersion = 10.0.40219.1
Project("{FAE04EC0-301F-11D3-BF4B-00C04F79EFBC}") = "RuokaAnnos", "RuokaAnnos\RuokaAnnos.csproj", "{29D6505E-9391-4C65-901B-582EC66BC937}"
EndProject
Global
	GlobalSection(SolutionConfigurationPlatforms) = preSolution
		Debug|Any CPU = Debug|Any CPU
		Release|Any CPU = Release|Any CPU
	EndGlobalSection
	GlobalSection(ProjectConfigurationPlatforms) = postSolution
		{29D6505E-9391-4C65-901B-582EC66BC937}.Debug|Any CPU.ActiveCfg = Debug|Any CPU
		{29D6505E-9391-4C65-901B-582EC66BC937}.Debug|Any CPU.Build.0 = Debug|Any CPU
		{29D6505E-9391-4C65-901B-582EC66BC937}.Release|Any CPU.ActiveCfg = Release|Any CPU
		{29D6505E-9391-4C65-901B-582EC66BC937}.Release|Any CPU.Build.0 = Release|Any CPU
	EndGlobalSection
	GlobalSection(SolutionProperties) = preSolution
		HideSolutionNode = FALSE
	EndGlobalSection
	GlobalSection(ExtensibilityGlobals) = postSolution
		SolutionGuid = {170FAC8A-7710-4011-9C0E-D4ADFCED2F51}
	EndGlobalSection
EndGlobal
